// !$*UTF8*$!
{
	archiveVersion = 1;
	classes = {
	};
	objectVersion = 51;
	objects = {

/* Begin PBXBuildFile section */
		1C60D47126B3E9370072C589 /* AuthRequest.swift in Sources */ = {isa = PBXBuildFile; fileRef = 1C60D47026B3E9370072C589 /* AuthRequest.swift */; };
		1C60D47326B3FBC40072C589 /* BaseRequest.swift in Sources */ = {isa = PBXBuildFile; fileRef = 1C60D47226B3FBC40072C589 /* BaseRequest.swift */; };
		1C60D47526B43AF50072C589 /* User.swift in Sources */ = {isa = PBXBuildFile; fileRef = 1C60D47426B43AF50072C589 /* User.swift */; };
		1C60D47726B4C1A10072C589 /* Company.swift in Sources */ = {isa = PBXBuildFile; fileRef = 1C60D47626B4C1A10072C589 /* Company.swift */; };
		1C60D47926B4C52F0072C589 /* Case.swift in Sources */ = {isa = PBXBuildFile; fileRef = 1C60D47826B4C52F0072C589 /* Case.swift */; };
		1C60D47B26B5145E0072C589 /* HRAction.swift in Sources */ = {isa = PBXBuildFile; fileRef = 1C60D47A26B5145E0072C589 /* HRAction.swift */; };
		1C60D47E26B515330072C589 /* DataManager.swift in Sources */ = {isa = PBXBuildFile; fileRef = 1C60D47D26B515330072C589 /* DataManager.swift */; };
		1C60D48126B572780072C589 /* NetworkConstants.swift in Sources */ = {isa = PBXBuildFile; fileRef = 1C60D48026B572780072C589 /* NetworkConstants.swift */; };
		1C60D48326B5888D0072C589 /* UserAction.swift in Sources */ = {isa = PBXBuildFile; fileRef = 1C60D48226B5888D0072C589 /* UserAction.swift */; };
		1C60D48526B6A18E0072C589 /* APITestView.swift in Sources */ = {isa = PBXBuildFile; fileRef = 1C60D48426B6A18E0072C589 /* APITestView.swift */; };
		1C60D48726B6AE480072C589 /* APITestViewModel.swift in Sources */ = {isa = PBXBuildFile; fileRef = 1C60D48626B6AE480072C589 /* APITestViewModel.swift */; };
		1C60D48A26B7E91E0072C589 /* AuthView.swift in Sources */ = {isa = PBXBuildFile; fileRef = 1C60D48926B7E91E0072C589 /* AuthView.swift */; };
		1C60D48C26B7ECBA0072C589 /* RequiredActionsCard.swift in Sources */ = {isa = PBXBuildFile; fileRef = 1C60D48B26B7ECBA0072C589 /* RequiredActionsCard.swift */; };
		1C60D48F26B7F5B40072C589 /* AuthViewModel.swift in Sources */ = {isa = PBXBuildFile; fileRef = 1C60D48E26B7F5B40072C589 /* AuthViewModel.swift */; };
		1C60D49126B82DE90072C589 /* CreateReportViewModel.swift in Sources */ = {isa = PBXBuildFile; fileRef = 1C60D49026B82DE90072C589 /* CreateReportViewModel.swift */; };
		1C60D49326B92A710072C589 /* Extensions.swift in Sources */ = {isa = PBXBuildFile; fileRef = 1C60D49226B92A710072C589 /* Extensions.swift */; };
		1C60D49626B940D80072C589 /* UserDefaultsManager.swift in Sources */ = {isa = PBXBuildFile; fileRef = 1C60D49526B940D80072C589 /* UserDefaultsManager.swift */; };
		1C60D49826B9A8900072C589 /* UserProfileViewModel.swift in Sources */ = {isa = PBXBuildFile; fileRef = 1C60D49726B9A8900072C589 /* UserProfileViewModel.swift */; };
		1C60D49A26BA40890072C589 /* CaseRequest.swift in Sources */ = {isa = PBXBuildFile; fileRef = 1C60D49926BA40890072C589 /* CaseRequest.swift */; };
		1C60D49C26BD128D0072C589 /* HomeViewModel.swift in Sources */ = {isa = PBXBuildFile; fileRef = 1C60D49B26BD128D0072C589 /* HomeViewModel.swift */; };
		1C60D4AE26C02F600072C589 /* UpHearLaunchScreen.storyboard in Resources */ = {isa = PBXBuildFile; fileRef = 1C60D4AD26C02F600072C589 /* UpHearLaunchScreen.storyboard */; };
		1C821C0826CA5B0300A14FEA /* GoogleService-Info.plist in Resources */ = {isa = PBXBuildFile; fileRef = 1C821C0726CA5B0200A14FEA /* GoogleService-Info.plist */; };
		1C95623F26B286B600D3A18E /* HomeListView.swift in Sources */ = {isa = PBXBuildFile; fileRef = 1C95623E26B286B600D3A18E /* HomeListView.swift */; };
		1C95624126B2882500D3A18E /* HomeView.swift in Sources */ = {isa = PBXBuildFile; fileRef = 1C95624026B2882500D3A18E /* HomeView.swift */; };
		1C95624326B2888300D3A18E /* DraftsView.swift in Sources */ = {isa = PBXBuildFile; fileRef = 1C95624226B2888300D3A18E /* DraftsView.swift */; };
		1C95624526B2890D00D3A18E /* TermsConditionView.swift in Sources */ = {isa = PBXBuildFile; fileRef = 1C95624426B2890D00D3A18E /* TermsConditionView.swift */; };
		1C95624726B289ED00D3A18E /* CreateReportView.swift in Sources */ = {isa = PBXBuildFile; fileRef = 1C95624626B289ED00D3A18E /* CreateReportView.swift */; };
		1C95624926B28E1700D3A18E /* ReportSummaryView.swift in Sources */ = {isa = PBXBuildFile; fileRef = 1C95624826B28E1700D3A18E /* ReportSummaryView.swift */; };
		1C95624E26B29D3000D3A18E /* Colors.swift in Sources */ = {isa = PBXBuildFile; fileRef = 1C95624D26B29D3000D3A18E /* Colors.swift */; };
		1CF6483726B1A28600299951 /* UpHearApp.swift in Sources */ = {isa = PBXBuildFile; fileRef = 1CF6483626B1A28600299951 /* UpHearApp.swift */; };
		1CF6483926B1A28600299951 /* ContentView.swift in Sources */ = {isa = PBXBuildFile; fileRef = 1CF6483826B1A28600299951 /* ContentView.swift */; };
		1CF6483B26B1A28700299951 /* Assets.xcassets in Resources */ = {isa = PBXBuildFile; fileRef = 1CF6483A26B1A28700299951 /* Assets.xcassets */; };
		1CF6483E26B1A28700299951 /* Preview Assets.xcassets in Resources */ = {isa = PBXBuildFile; fileRef = 1CF6483D26B1A28700299951 /* Preview Assets.xcassets */; };
		1CF6484026B1A28700299951 /* Persistence.swift in Sources */ = {isa = PBXBuildFile; fileRef = 1CF6483F26B1A28700299951 /* Persistence.swift */; };
		1CF6484326B1A28700299951 /* UpHear.xcdatamodeld in Sources */ = {isa = PBXBuildFile; fileRef = 1CF6484126B1A28700299951 /* UpHear.xcdatamodeld */; };
		1CF6484E26B1A28700299951 /* UpHearTests.swift in Sources */ = {isa = PBXBuildFile; fileRef = 1CF6484D26B1A28700299951 /* UpHearTests.swift */; };
		1CF6485926B1A28700299951 /* UpHearUITests.swift in Sources */ = {isa = PBXBuildFile; fileRef = 1CF6485826B1A28700299951 /* UpHearUITests.swift */; };
		1CF6486D26B1A39600299951 /* ContentViewModel.swift in Sources */ = {isa = PBXBuildFile; fileRef = 1CF6486C26B1A39600299951 /* ContentViewModel.swift */; };
		1CF6486F26B1A3C600299951 /* Constants.swift in Sources */ = {isa = PBXBuildFile; fileRef = 1CF6486E26B1A3C600299951 /* Constants.swift */; };
		1CF6487126B1A3F600299951 /* APIService.swift in Sources */ = {isa = PBXBuildFile; fileRef = 1CF6487026B1A3F600299951 /* APIService.swift */; };
		6213CCB6D675EE73BA5DB056 /* Pods_UpHear_UpHearUITests.framework in Frameworks */ = {isa = PBXBuildFile; fileRef = 1C30581E134E6B2D46D0ECD1 /* Pods_UpHear_UpHearUITests.framework */; };
		B818805226B6BC83004F3D38 /* TextStyle.swift in Sources */ = {isa = PBXBuildFile; fileRef = B818805126B6BC83004F3D38 /* TextStyle.swift */; };
		B818805426B6FE63004F3D38 /* CaseDetailView.swift in Sources */ = {isa = PBXBuildFile; fileRef = B818805326B6FE63004F3D38 /* CaseDetailView.swift */; };
		B818805826B7B36B004F3D38 /* SubmitMoreEvidence.swift in Sources */ = {isa = PBXBuildFile; fileRef = B818805726B7B36B004F3D38 /* SubmitMoreEvidence.swift */; };
		B818805A26BA8412004F3D38 /* CustomPageControl.swift in Sources */ = {isa = PBXBuildFile; fileRef = B818805926BA8412004F3D38 /* CustomPageControl.swift */; };
		B818805C26BC5763004F3D38 /* testPicker.swift in Sources */ = {isa = PBXBuildFile; fileRef = B818805B26BC5763004F3D38 /* testPicker.swift */; };
		B852412626BE771C0005975B /* CreateReportPage.swift in Sources */ = {isa = PBXBuildFile; fileRef = B852412526BE771C0005975B /* CreateReportPage.swift */; };
		B8A834F726C16F4F00D1C8B3 /* ImageLoader.swift in Sources */ = {isa = PBXBuildFile; fileRef = B8A834F626C16F4F00D1C8B3 /* ImageLoader.swift */; };
		B8DF988026CCCA4B00CE8CA1 /* OptionCard.swift in Sources */ = {isa = PBXBuildFile; fileRef = B8DF987F26CCCA4B00CE8CA1 /* OptionCard.swift */; };
		CB319F27AA82713B06F1C9A8 /* Pods_UpHearTests.framework in Frameworks */ = {isa = PBXBuildFile; fileRef = 62C9AB0D431C4C70049E3567 /* Pods_UpHearTests.framework */; };
		CDC9D03E26B2B0AB00215F5D /* CaseDraftRow.swift in Sources */ = {isa = PBXBuildFile; fileRef = CDC9D03D26B2B0AB00215F5D /* CaseDraftRow.swift */; };
		CDDF246926CF98F3008DD267 /* HRCloseCaseView.swift in Sources */ = {isa = PBXBuildFile; fileRef = CDDF246826CF98F3008DD267 /* HRCloseCaseView.swift */; };
		CDDF246B26CFA259008DD267 /* HRReviewAction.swift in Sources */ = {isa = PBXBuildFile; fileRef = CDDF246A26CFA259008DD267 /* HRReviewAction.swift */; };
		CDE59F8A26B6B3B0009B4D8D /* LandingView.swift in Sources */ = {isa = PBXBuildFile; fileRef = CDE59F8926B6B3B0009B4D8D /* LandingView.swift */; };
		CDE59F8C26B7E722009B4D8D /* UserProfileView.swift in Sources */ = {isa = PBXBuildFile; fileRef = CDE59F8B26B7E722009B4D8D /* UserProfileView.swift */; };
		CDE59F9526BBCF29009B4D8D /* HRHomeView.swift in Sources */ = {isa = PBXBuildFile; fileRef = CDE59F9426BBCF29009B4D8D /* HRHomeView.swift */; };
		CDE59F9726BC3D6B009B4D8D /* HRCaseCardView.swift in Sources */ = {isa = PBXBuildFile; fileRef = CDE59F9626BC3D6B009B4D8D /* HRCaseCardView.swift */; };
		CDE59F9926BC459C009B4D8D /* HRCaseDetailView.swift in Sources */ = {isa = PBXBuildFile; fileRef = CDE59F9826BC459C009B4D8D /* HRCaseDetailView.swift */; };
		CDE59F9B26BD05CF009B4D8D /* HRActionCard.swift in Sources */ = {isa = PBXBuildFile; fileRef = CDE59F9A26BD05CF009B4D8D /* HRActionCard.swift */; };
		CDE59F9F26BD0E13009B4D8D /* HRAddActionView.swift in Sources */ = {isa = PBXBuildFile; fileRef = CDE59F9E26BD0E13009B4D8D /* HRAddActionView.swift */; };
		CDE59FAE26BD7EB5009B4D8D /* Localizable.strings in Resources */ = {isa = PBXBuildFile; fileRef = CDE59FB026BD7EB5009B4D8D /* Localizable.strings */; };
		CDFEB2EC26B51B8600DED9C0 /* CaseCard.swift in Sources */ = {isa = PBXBuildFile; fileRef = CDFEB2EB26B51B8600DED9C0 /* CaseCard.swift */; };
		CF7DFC1A071861885FB21D27 /* Pods_UpHear.framework in Frameworks */ = {isa = PBXBuildFile; fileRef = 68B78061517C0E4B5F5FC838 /* Pods_UpHear.framework */; };
/* End PBXBuildFile section */

/* Begin PBXContainerItemProxy section */
		1CF6484A26B1A28700299951 /* PBXContainerItemProxy */ = {
			isa = PBXContainerItemProxy;
			containerPortal = 1CF6482B26B1A28600299951 /* Project object */;
			proxyType = 1;
			remoteGlobalIDString = 1CF6483226B1A28600299951;
			remoteInfo = UpHear;
		};
		1CF6485526B1A28700299951 /* PBXContainerItemProxy */ = {
			isa = PBXContainerItemProxy;
			containerPortal = 1CF6482B26B1A28600299951 /* Project object */;
			proxyType = 1;
			remoteGlobalIDString = 1CF6483226B1A28600299951;
			remoteInfo = UpHear;
		};
/* End PBXContainerItemProxy section */

/* Begin PBXFileReference section */
		1C30581E134E6B2D46D0ECD1 /* Pods_UpHear_UpHearUITests.framework */ = {isa = PBXFileReference; explicitFileType = wrapper.framework; includeInIndex = 0; path = Pods_UpHear_UpHearUITests.framework; sourceTree = BUILT_PRODUCTS_DIR; };
		1C60D47026B3E9370072C589 /* AuthRequest.swift */ = {isa = PBXFileReference; lastKnownFileType = sourcecode.swift; path = AuthRequest.swift; sourceTree = "<group>"; };
		1C60D47226B3FBC40072C589 /* BaseRequest.swift */ = {isa = PBXFileReference; lastKnownFileType = sourcecode.swift; path = BaseRequest.swift; sourceTree = "<group>"; };
		1C60D47426B43AF50072C589 /* User.swift */ = {isa = PBXFileReference; lastKnownFileType = sourcecode.swift; path = User.swift; sourceTree = "<group>"; };
		1C60D47626B4C1A10072C589 /* Company.swift */ = {isa = PBXFileReference; lastKnownFileType = sourcecode.swift; path = Company.swift; sourceTree = "<group>"; };
		1C60D47826B4C52F0072C589 /* Case.swift */ = {isa = PBXFileReference; lastKnownFileType = sourcecode.swift; path = Case.swift; sourceTree = "<group>"; };
		1C60D47A26B5145E0072C589 /* HRAction.swift */ = {isa = PBXFileReference; lastKnownFileType = sourcecode.swift; path = HRAction.swift; sourceTree = "<group>"; };
		1C60D47D26B515330072C589 /* DataManager.swift */ = {isa = PBXFileReference; lastKnownFileType = sourcecode.swift; path = DataManager.swift; sourceTree = "<group>"; };
		1C60D48026B572780072C589 /* NetworkConstants.swift */ = {isa = PBXFileReference; lastKnownFileType = sourcecode.swift; path = NetworkConstants.swift; sourceTree = "<group>"; };
		1C60D48226B5888D0072C589 /* UserAction.swift */ = {isa = PBXFileReference; lastKnownFileType = sourcecode.swift; path = UserAction.swift; sourceTree = "<group>"; };
		1C60D48426B6A18E0072C589 /* APITestView.swift */ = {isa = PBXFileReference; lastKnownFileType = sourcecode.swift; path = APITestView.swift; sourceTree = "<group>"; };
		1C60D48626B6AE480072C589 /* APITestViewModel.swift */ = {isa = PBXFileReference; lastKnownFileType = sourcecode.swift; path = APITestViewModel.swift; sourceTree = "<group>"; };
		1C60D48926B7E91E0072C589 /* AuthView.swift */ = {isa = PBXFileReference; lastKnownFileType = sourcecode.swift; path = AuthView.swift; sourceTree = "<group>"; };
		1C60D48B26B7ECBA0072C589 /* RequiredActionsCard.swift */ = {isa = PBXFileReference; fileEncoding = 4; lastKnownFileType = sourcecode.swift; path = RequiredActionsCard.swift; sourceTree = "<group>"; };
		1C60D48E26B7F5B40072C589 /* AuthViewModel.swift */ = {isa = PBXFileReference; lastKnownFileType = sourcecode.swift; path = AuthViewModel.swift; sourceTree = "<group>"; };
		1C60D49026B82DE90072C589 /* CreateReportViewModel.swift */ = {isa = PBXFileReference; lastKnownFileType = sourcecode.swift; path = CreateReportViewModel.swift; sourceTree = "<group>"; };
		1C60D49226B92A710072C589 /* Extensions.swift */ = {isa = PBXFileReference; lastKnownFileType = sourcecode.swift; path = Extensions.swift; sourceTree = "<group>"; };
		1C60D49526B940D80072C589 /* UserDefaultsManager.swift */ = {isa = PBXFileReference; lastKnownFileType = sourcecode.swift; path = UserDefaultsManager.swift; sourceTree = "<group>"; };
		1C60D49726B9A8900072C589 /* UserProfileViewModel.swift */ = {isa = PBXFileReference; lastKnownFileType = sourcecode.swift; path = UserProfileViewModel.swift; sourceTree = "<group>"; };
		1C60D49926BA40890072C589 /* CaseRequest.swift */ = {isa = PBXFileReference; lastKnownFileType = sourcecode.swift; path = CaseRequest.swift; sourceTree = "<group>"; };
		1C60D49B26BD128D0072C589 /* HomeViewModel.swift */ = {isa = PBXFileReference; lastKnownFileType = sourcecode.swift; path = HomeViewModel.swift; sourceTree = "<group>"; };
		1C60D4AD26C02F600072C589 /* UpHearLaunchScreen.storyboard */ = {isa = PBXFileReference; lastKnownFileType = file.storyboard; name = UpHearLaunchScreen.storyboard; path = UpHear/Application/UpHearLaunchScreen.storyboard; sourceTree = SOURCE_ROOT; };
		1C821C0726CA5B0200A14FEA /* GoogleService-Info.plist */ = {isa = PBXFileReference; fileEncoding = 4; lastKnownFileType = text.plist.xml; path = "GoogleService-Info.plist"; sourceTree = "<group>"; };
		1C95623E26B286B600D3A18E /* HomeListView.swift */ = {isa = PBXFileReference; lastKnownFileType = sourcecode.swift; path = HomeListView.swift; sourceTree = "<group>"; };
		1C95624026B2882500D3A18E /* HomeView.swift */ = {isa = PBXFileReference; lastKnownFileType = sourcecode.swift; path = HomeView.swift; sourceTree = "<group>"; };
		1C95624226B2888300D3A18E /* DraftsView.swift */ = {isa = PBXFileReference; lastKnownFileType = sourcecode.swift; path = DraftsView.swift; sourceTree = "<group>"; };
		1C95624426B2890D00D3A18E /* TermsConditionView.swift */ = {isa = PBXFileReference; lastKnownFileType = sourcecode.swift; path = TermsConditionView.swift; sourceTree = "<group>"; };
		1C95624626B289ED00D3A18E /* CreateReportView.swift */ = {isa = PBXFileReference; lastKnownFileType = sourcecode.swift; path = CreateReportView.swift; sourceTree = "<group>"; };
		1C95624826B28E1700D3A18E /* ReportSummaryView.swift */ = {isa = PBXFileReference; lastKnownFileType = sourcecode.swift; path = ReportSummaryView.swift; sourceTree = "<group>"; };
		1C95624D26B29D3000D3A18E /* Colors.swift */ = {isa = PBXFileReference; lastKnownFileType = sourcecode.swift; path = Colors.swift; sourceTree = "<group>"; };
		1CF6483326B1A28600299951 /* UpHear.app */ = {isa = PBXFileReference; explicitFileType = wrapper.application; includeInIndex = 0; path = UpHear.app; sourceTree = BUILT_PRODUCTS_DIR; };
		1CF6483626B1A28600299951 /* UpHearApp.swift */ = {isa = PBXFileReference; lastKnownFileType = sourcecode.swift; path = UpHearApp.swift; sourceTree = "<group>"; };
		1CF6483826B1A28600299951 /* ContentView.swift */ = {isa = PBXFileReference; lastKnownFileType = sourcecode.swift; path = ContentView.swift; sourceTree = "<group>"; };
		1CF6483A26B1A28700299951 /* Assets.xcassets */ = {isa = PBXFileReference; lastKnownFileType = folder.assetcatalog; path = Assets.xcassets; sourceTree = "<group>"; };
		1CF6483D26B1A28700299951 /* Preview Assets.xcassets */ = {isa = PBXFileReference; lastKnownFileType = folder.assetcatalog; path = "Preview Assets.xcassets"; sourceTree = "<group>"; };
		1CF6483F26B1A28700299951 /* Persistence.swift */ = {isa = PBXFileReference; lastKnownFileType = sourcecode.swift; path = Persistence.swift; sourceTree = "<group>"; };
		1CF6484226B1A28700299951 /* UpHear.xcdatamodel */ = {isa = PBXFileReference; lastKnownFileType = wrapper.xcdatamodel; path = UpHear.xcdatamodel; sourceTree = "<group>"; };
		1CF6484426B1A28700299951 /* Info.plist */ = {isa = PBXFileReference; lastKnownFileType = text.plist.xml; path = Info.plist; sourceTree = "<group>"; };
		1CF6484926B1A28700299951 /* UpHearTests.xctest */ = {isa = PBXFileReference; explicitFileType = wrapper.cfbundle; includeInIndex = 0; path = UpHearTests.xctest; sourceTree = BUILT_PRODUCTS_DIR; };
		1CF6484D26B1A28700299951 /* UpHearTests.swift */ = {isa = PBXFileReference; lastKnownFileType = sourcecode.swift; path = UpHearTests.swift; sourceTree = "<group>"; };
		1CF6484F26B1A28700299951 /* Info.plist */ = {isa = PBXFileReference; lastKnownFileType = text.plist.xml; path = Info.plist; sourceTree = "<group>"; };
		1CF6485426B1A28700299951 /* UpHearUITests.xctest */ = {isa = PBXFileReference; explicitFileType = wrapper.cfbundle; includeInIndex = 0; path = UpHearUITests.xctest; sourceTree = BUILT_PRODUCTS_DIR; };
		1CF6485826B1A28700299951 /* UpHearUITests.swift */ = {isa = PBXFileReference; lastKnownFileType = sourcecode.swift; path = UpHearUITests.swift; sourceTree = "<group>"; };
		1CF6485A26B1A28700299951 /* Info.plist */ = {isa = PBXFileReference; lastKnownFileType = text.plist.xml; path = Info.plist; sourceTree = "<group>"; };
		1CF6486C26B1A39600299951 /* ContentViewModel.swift */ = {isa = PBXFileReference; lastKnownFileType = sourcecode.swift; path = ContentViewModel.swift; sourceTree = "<group>"; };
		1CF6486E26B1A3C600299951 /* Constants.swift */ = {isa = PBXFileReference; lastKnownFileType = sourcecode.swift; path = Constants.swift; sourceTree = "<group>"; };
		1CF6487026B1A3F600299951 /* APIService.swift */ = {isa = PBXFileReference; lastKnownFileType = sourcecode.swift; path = APIService.swift; sourceTree = "<group>"; };
		26E62587667E5D285ED8EB7C /* Pods-UpHear-UpHearUITests.release.xcconfig */ = {isa = PBXFileReference; includeInIndex = 1; lastKnownFileType = text.xcconfig; name = "Pods-UpHear-UpHearUITests.release.xcconfig"; path = "Target Support Files/Pods-UpHear-UpHearUITests/Pods-UpHear-UpHearUITests.release.xcconfig"; sourceTree = "<group>"; };
		62C9AB0D431C4C70049E3567 /* Pods_UpHearTests.framework */ = {isa = PBXFileReference; explicitFileType = wrapper.framework; includeInIndex = 0; path = Pods_UpHearTests.framework; sourceTree = BUILT_PRODUCTS_DIR; };
		68B78061517C0E4B5F5FC838 /* Pods_UpHear.framework */ = {isa = PBXFileReference; explicitFileType = wrapper.framework; includeInIndex = 0; path = Pods_UpHear.framework; sourceTree = BUILT_PRODUCTS_DIR; };
		6DDB3AFCF9B0CB1750BFD6B5 /* Pods-UpHear.release.xcconfig */ = {isa = PBXFileReference; includeInIndex = 1; lastKnownFileType = text.xcconfig; name = "Pods-UpHear.release.xcconfig"; path = "Target Support Files/Pods-UpHear/Pods-UpHear.release.xcconfig"; sourceTree = "<group>"; };
		A2DE693CD0D5FBC67200604F /* Pods-UpHearTests.release.xcconfig */ = {isa = PBXFileReference; includeInIndex = 1; lastKnownFileType = text.xcconfig; name = "Pods-UpHearTests.release.xcconfig"; path = "Target Support Files/Pods-UpHearTests/Pods-UpHearTests.release.xcconfig"; sourceTree = "<group>"; };
		A3DFE2D7E9D2481BF6AAD672 /* Pods-UpHear.debug.xcconfig */ = {isa = PBXFileReference; includeInIndex = 1; lastKnownFileType = text.xcconfig; name = "Pods-UpHear.debug.xcconfig"; path = "Target Support Files/Pods-UpHear/Pods-UpHear.debug.xcconfig"; sourceTree = "<group>"; };
		B66766BAB404B529A46461D7 /* Pods-UpHearTests.debug.xcconfig */ = {isa = PBXFileReference; includeInIndex = 1; lastKnownFileType = text.xcconfig; name = "Pods-UpHearTests.debug.xcconfig"; path = "Target Support Files/Pods-UpHearTests/Pods-UpHearTests.debug.xcconfig"; sourceTree = "<group>"; };
		B818805126B6BC83004F3D38 /* TextStyle.swift */ = {isa = PBXFileReference; lastKnownFileType = sourcecode.swift; path = TextStyle.swift; sourceTree = "<group>"; };
		B818805326B6FE63004F3D38 /* CaseDetailView.swift */ = {isa = PBXFileReference; lastKnownFileType = sourcecode.swift; path = CaseDetailView.swift; sourceTree = "<group>"; };
		B818805726B7B36B004F3D38 /* SubmitMoreEvidence.swift */ = {isa = PBXFileReference; lastKnownFileType = sourcecode.swift; path = SubmitMoreEvidence.swift; sourceTree = "<group>"; };
		B818805926BA8412004F3D38 /* CustomPageControl.swift */ = {isa = PBXFileReference; lastKnownFileType = sourcecode.swift; path = CustomPageControl.swift; sourceTree = "<group>"; };
		B818805B26BC5763004F3D38 /* testPicker.swift */ = {isa = PBXFileReference; lastKnownFileType = sourcecode.swift; path = testPicker.swift; sourceTree = "<group>"; };
		B852412526BE771C0005975B /* CreateReportPage.swift */ = {isa = PBXFileReference; lastKnownFileType = sourcecode.swift; path = CreateReportPage.swift; sourceTree = "<group>"; };
		B8A834F626C16F4F00D1C8B3 /* ImageLoader.swift */ = {isa = PBXFileReference; lastKnownFileType = sourcecode.swift; path = ImageLoader.swift; sourceTree = "<group>"; };
		B8DF987F26CCCA4B00CE8CA1 /* OptionCard.swift */ = {isa = PBXFileReference; lastKnownFileType = sourcecode.swift; path = OptionCard.swift; sourceTree = "<group>"; };
		CA1501CE8251F7B78A243E40 /* Pods-UpHear-UpHearUITests.debug.xcconfig */ = {isa = PBXFileReference; includeInIndex = 1; lastKnownFileType = text.xcconfig; name = "Pods-UpHear-UpHearUITests.debug.xcconfig"; path = "Target Support Files/Pods-UpHear-UpHearUITests/Pods-UpHear-UpHearUITests.debug.xcconfig"; sourceTree = "<group>"; };
		CDC9D03D26B2B0AB00215F5D /* CaseDraftRow.swift */ = {isa = PBXFileReference; lastKnownFileType = sourcecode.swift; path = CaseDraftRow.swift; sourceTree = "<group>"; };
		CDDF246826CF98F3008DD267 /* HRCloseCaseView.swift */ = {isa = PBXFileReference; lastKnownFileType = sourcecode.swift; path = HRCloseCaseView.swift; sourceTree = "<group>"; };
		CDDF246A26CFA259008DD267 /* HRReviewAction.swift */ = {isa = PBXFileReference; lastKnownFileType = sourcecode.swift; path = HRReviewAction.swift; sourceTree = "<group>"; };
		CDE59F8926B6B3B0009B4D8D /* LandingView.swift */ = {isa = PBXFileReference; lastKnownFileType = sourcecode.swift; path = LandingView.swift; sourceTree = "<group>"; };
		CDE59F8B26B7E722009B4D8D /* UserProfileView.swift */ = {isa = PBXFileReference; lastKnownFileType = sourcecode.swift; path = UserProfileView.swift; sourceTree = "<group>"; };
		CDE59F9426BBCF29009B4D8D /* HRHomeView.swift */ = {isa = PBXFileReference; lastKnownFileType = sourcecode.swift; path = HRHomeView.swift; sourceTree = "<group>"; };
		CDE59F9626BC3D6B009B4D8D /* HRCaseCardView.swift */ = {isa = PBXFileReference; lastKnownFileType = sourcecode.swift; path = HRCaseCardView.swift; sourceTree = "<group>"; };
		CDE59F9826BC459C009B4D8D /* HRCaseDetailView.swift */ = {isa = PBXFileReference; lastKnownFileType = sourcecode.swift; path = HRCaseDetailView.swift; sourceTree = "<group>"; };
		CDE59F9A26BD05CF009B4D8D /* HRActionCard.swift */ = {isa = PBXFileReference; lastKnownFileType = sourcecode.swift; path = HRActionCard.swift; sourceTree = "<group>"; };
		CDE59F9E26BD0E13009B4D8D /* HRAddActionView.swift */ = {isa = PBXFileReference; lastKnownFileType = sourcecode.swift; path = HRAddActionView.swift; sourceTree = "<group>"; };
		CDE59FB126BD7ED3009B4D8D /* id */ = {isa = PBXFileReference; lastKnownFileType = text.plist.strings; name = id; path = id.lproj/Localizable.strings; sourceTree = "<group>"; };
		CDE59FB226BE826E009B4D8D /* en */ = {isa = PBXFileReference; lastKnownFileType = text.plist.strings; name = en; path = en.lproj/Localizable.strings; sourceTree = "<group>"; };
		CDFEB2EB26B51B8600DED9C0 /* CaseCard.swift */ = {isa = PBXFileReference; lastKnownFileType = sourcecode.swift; path = CaseCard.swift; sourceTree = "<group>"; };
/* End PBXFileReference section */

/* Begin PBXFrameworksBuildPhase section */
		1CF6483026B1A28600299951 /* Frameworks */ = {
			isa = PBXFrameworksBuildPhase;
			buildActionMask = 2147483647;
			files = (
				CF7DFC1A071861885FB21D27 /* Pods_UpHear.framework in Frameworks */,
			);
			runOnlyForDeploymentPostprocessing = 0;
		};
		1CF6484626B1A28700299951 /* Frameworks */ = {
			isa = PBXFrameworksBuildPhase;
			buildActionMask = 2147483647;
			files = (
				CB319F27AA82713B06F1C9A8 /* Pods_UpHearTests.framework in Frameworks */,
			);
			runOnlyForDeploymentPostprocessing = 0;
		};
		1CF6485126B1A28700299951 /* Frameworks */ = {
			isa = PBXFrameworksBuildPhase;
			buildActionMask = 2147483647;
			files = (
				6213CCB6D675EE73BA5DB056 /* Pods_UpHear_UpHearUITests.framework in Frameworks */,
			);
			runOnlyForDeploymentPostprocessing = 0;
		};
/* End PBXFrameworksBuildPhase section */

/* Begin PBXGroup section */
		02ED5BB78C0F35CD3500992C /* Frameworks */ = {
			isa = PBXGroup;
			children = (
				68B78061517C0E4B5F5FC838 /* Pods_UpHear.framework */,
				1C30581E134E6B2D46D0ECD1 /* Pods_UpHear_UpHearUITests.framework */,
				62C9AB0D431C4C70049E3567 /* Pods_UpHearTests.framework */,
			);
			name = Frameworks;
			sourceTree = "<group>";
		};
		0BFE73F3C960A744AFF76EEE /* Pods */ = {
			isa = PBXGroup;
			children = (
				A3DFE2D7E9D2481BF6AAD672 /* Pods-UpHear.debug.xcconfig */,
				6DDB3AFCF9B0CB1750BFD6B5 /* Pods-UpHear.release.xcconfig */,
				CA1501CE8251F7B78A243E40 /* Pods-UpHear-UpHearUITests.debug.xcconfig */,
				26E62587667E5D285ED8EB7C /* Pods-UpHear-UpHearUITests.release.xcconfig */,
				B66766BAB404B529A46461D7 /* Pods-UpHearTests.debug.xcconfig */,
				A2DE693CD0D5FBC67200604F /* Pods-UpHearTests.release.xcconfig */,
			);
			path = Pods;
			sourceTree = "<group>";
		};
		1C60D46F26B3D25C0072C589 /* Network Services */ = {
			isa = PBXGroup;
			children = (
				1CF6487026B1A3F600299951 /* APIService.swift */,
				1C60D47026B3E9370072C589 /* AuthRequest.swift */,
				1C60D47226B3FBC40072C589 /* BaseRequest.swift */,
				1C60D49926BA40890072C589 /* CaseRequest.swift */,
			);
			path = "Network Services";
			sourceTree = "<group>";
		};
		1C60D47C26B515210072C589 /* Data Managers */ = {
			isa = PBXGroup;
			children = (
				1C60D47D26B515330072C589 /* DataManager.swift */,
			);
			path = "Data Managers";
			sourceTree = "<group>";
		};
		1C60D47F26B572550072C589 /* Constants */ = {
			isa = PBXGroup;
			children = (
				1C60D48026B572780072C589 /* NetworkConstants.swift */,
			);
			path = Constants;
			sourceTree = "<group>";
		};
		1C60D48826B7E9080072C589 /* Auth */ = {
			isa = PBXGroup;
			children = (
				1C60D48926B7E91E0072C589 /* AuthView.swift */,
			);
			path = Auth;
			sourceTree = "<group>";
		};
		1C60D49426B940A70072C589 /* Helpers */ = {
			isa = PBXGroup;
			children = (
				1C60D49526B940D80072C589 /* UserDefaultsManager.swift */,
				B8A834F626C16F4F00D1C8B3 /* ImageLoader.swift */,
			);
			path = Helpers;
			sourceTree = "<group>";
		};
		1C95623D26B2869200D3A18E /* Reusable Views */ = {
			isa = PBXGroup;
			children = (
				1C60D48B26B7ECBA0072C589 /* RequiredActionsCard.swift */,
				1C95623E26B286B600D3A18E /* HomeListView.swift */,
				B818805126B6BC83004F3D38 /* TextStyle.swift */,
				CDC9D03D26B2B0AB00215F5D /* CaseDraftRow.swift */,
				CDFEB2EB26B51B8600DED9C0 /* CaseCard.swift */,
				B818805926BA8412004F3D38 /* CustomPageControl.swift */,
				B852412526BE771C0005975B /* CreateReportPage.swift */,
				CDE59F9626BC3D6B009B4D8D /* HRCaseCardView.swift */,
				CDE59F9A26BD05CF009B4D8D /* HRActionCard.swift */,
				B8DF987F26CCCA4B00CE8CA1 /* OptionCard.swift */,
			);
			path = "Reusable Views";
			sourceTree = "<group>";
		};
		1C95624B26B2990A00D3A18E /* Constants */ = {
			isa = PBXGroup;
			children = (
				1CF6486E26B1A3C600299951 /* Constants.swift */,
				1C95624C26B2992500D3A18E /* Themes */,
				CDE59FB026BD7EB5009B4D8D /* Localizable.strings */,
			);
			path = Constants;
			sourceTree = "<group>";
		};
		1C95624C26B2992500D3A18E /* Themes */ = {
			isa = PBXGroup;
			children = (
				1C95624D26B29D3000D3A18E /* Colors.swift */,
			);
			path = Themes;
			sourceTree = "<group>";
		};
		1CF6482A26B1A28600299951 = {
			isa = PBXGroup;
			children = (
				1CF6483526B1A28600299951 /* UpHear */,
				1CF6484C26B1A28700299951 /* UpHearTests */,
				1CF6485726B1A28700299951 /* UpHearUITests */,
				1CF6483426B1A28600299951 /* Products */,
				0BFE73F3C960A744AFF76EEE /* Pods */,
				02ED5BB78C0F35CD3500992C /* Frameworks */,
			);
			sourceTree = "<group>";
		};
		1CF6483426B1A28600299951 /* Products */ = {
			isa = PBXGroup;
			children = (
				1CF6483326B1A28600299951 /* UpHear.app */,
				1CF6484926B1A28700299951 /* UpHearTests.xctest */,
				1CF6485426B1A28700299951 /* UpHearUITests.xctest */,
			);
			name = Products;
			sourceTree = "<group>";
		};
		1CF6483526B1A28600299951 /* UpHear */ = {
			isa = PBXGroup;
			children = (
				1C95624B26B2990A00D3A18E /* Constants */,
				1CF6486926B1A2E500299951 /* Application */,
				1CF6486A26B1A30500299951 /* Resources */,
				1CF6486B26B1A36E00299951 /* Services */,
				1CF6486626B1A29100299951 /* Models */,
				1CF6486726B1A2A200299951 /* ViewModels */,
				1CF6486826B1A2BA00299951 /* Views */,
				1CF6483C26B1A28700299951 /* Preview Content */,
				1C821C0726CA5B0200A14FEA /* GoogleService-Info.plist */,
			);
			path = UpHear;
			sourceTree = "<group>";
		};
		1CF6483C26B1A28700299951 /* Preview Content */ = {
			isa = PBXGroup;
			children = (
				1CF6483D26B1A28700299951 /* Preview Assets.xcassets */,
			);
			path = "Preview Content";
			sourceTree = "<group>";
		};
		1CF6484C26B1A28700299951 /* UpHearTests */ = {
			isa = PBXGroup;
			children = (
				1CF6484D26B1A28700299951 /* UpHearTests.swift */,
				1CF6484F26B1A28700299951 /* Info.plist */,
			);
			path = UpHearTests;
			sourceTree = "<group>";
		};
		1CF6485726B1A28700299951 /* UpHearUITests */ = {
			isa = PBXGroup;
			children = (
				1CF6485826B1A28700299951 /* UpHearUITests.swift */,
				1CF6485A26B1A28700299951 /* Info.plist */,
			);
			path = UpHearUITests;
			sourceTree = "<group>";
		};
		1CF6486626B1A29100299951 /* Models */ = {
			isa = PBXGroup;
			children = (
				1CF6484126B1A28700299951 /* UpHear.xcdatamodeld */,
				1C60D47426B43AF50072C589 /* User.swift */,
				1C60D47626B4C1A10072C589 /* Company.swift */,
				1C60D47826B4C52F0072C589 /* Case.swift */,
				1C60D47A26B5145E0072C589 /* HRAction.swift */,
				1C60D48226B5888D0072C589 /* UserAction.swift */,
			);
			path = Models;
			sourceTree = "<group>";
		};
		1CF6486726B1A2A200299951 /* ViewModels */ = {
			isa = PBXGroup;
			children = (
				1CF6486C26B1A39600299951 /* ContentViewModel.swift */,
				1C60D48626B6AE480072C589 /* APITestViewModel.swift */,
				1C60D48E26B7F5B40072C589 /* AuthViewModel.swift */,
				1C60D49026B82DE90072C589 /* CreateReportViewModel.swift */,
				1C60D49726B9A8900072C589 /* UserProfileViewModel.swift */,
				1C60D49B26BD128D0072C589 /* HomeViewModel.swift */,
			);
			path = ViewModels;
			sourceTree = "<group>";
		};
		1CF6486826B1A2BA00299951 /* Views */ = {
			isa = PBXGroup;
			children = (
				CDE59F9126BBCE6B009B4D8D /* HR */,
				1C60D48826B7E9080072C589 /* Auth */,
				1C95623D26B2869200D3A18E /* Reusable Views */,
				1CF6483826B1A28600299951 /* ContentView.swift */,
				1C95624026B2882500D3A18E /* HomeView.swift */,
				B818805326B6FE63004F3D38 /* CaseDetailView.swift */,
				1C95624226B2888300D3A18E /* DraftsView.swift */,
				1C95624426B2890D00D3A18E /* TermsConditionView.swift */,
				1C95624626B289ED00D3A18E /* CreateReportView.swift */,
				B818805B26BC5763004F3D38 /* testPicker.swift */,
				B818805726B7B36B004F3D38 /* SubmitMoreEvidence.swift */,
				1C95624826B28E1700D3A18E /* ReportSummaryView.swift */,
				CDE59F8926B6B3B0009B4D8D /* LandingView.swift */,
				1C60D48426B6A18E0072C589 /* APITestView.swift */,
				CDE59F8B26B7E722009B4D8D /* UserProfileView.swift */,
			);
			path = Views;
			sourceTree = "<group>";
		};
		1CF6486926B1A2E500299951 /* Application */ = {
			isa = PBXGroup;
			children = (
				1C60D49426B940A70072C589 /* Helpers */,
				1CF6483626B1A28600299951 /* UpHearApp.swift */,
				1C60D4AD26C02F600072C589 /* UpHearLaunchScreen.storyboard */,
				1CF6484426B1A28700299951 /* Info.plist */,
				1CF6483F26B1A28700299951 /* Persistence.swift */,
				1C60D49226B92A710072C589 /* Extensions.swift */,
			);
			path = Application;
			sourceTree = "<group>";
		};
		1CF6486A26B1A30500299951 /* Resources */ = {
			isa = PBXGroup;
			children = (
				1CF6483A26B1A28700299951 /* Assets.xcassets */,
			);
			path = Resources;
			sourceTree = "<group>";
		};
		1CF6486B26B1A36E00299951 /* Services */ = {
			isa = PBXGroup;
			children = (
				1C60D47F26B572550072C589 /* Constants */,
				1C60D47C26B515210072C589 /* Data Managers */,
				1C60D46F26B3D25C0072C589 /* Network Services */,
			);
			path = Services;
			sourceTree = "<group>";
		};
		CDE59F9126BBCE6B009B4D8D /* HR */ = {
			isa = PBXGroup;
			children = (
				CDE59F9426BBCF29009B4D8D /* HRHomeView.swift */,
				CDE59F9826BC459C009B4D8D /* HRCaseDetailView.swift */,
				CDE59F9E26BD0E13009B4D8D /* HRAddActionView.swift */,
				CDDF246826CF98F3008DD267 /* HRCloseCaseView.swift */,
				CDDF246A26CFA259008DD267 /* HRReviewAction.swift */,
			);
			path = HR;
			sourceTree = "<group>";
		};
/* End PBXGroup section */

/* Begin PBXNativeTarget section */
		1CF6483226B1A28600299951 /* UpHear */ = {
			isa = PBXNativeTarget;
			buildConfigurationList = 1CF6485D26B1A28700299951 /* Build configuration list for PBXNativeTarget "UpHear" */;
			buildPhases = (
				A860666B89A472A97D2D837D /* [CP] Check Pods Manifest.lock */,
				1CF6482F26B1A28600299951 /* Sources */,
				1CF6483026B1A28600299951 /* Frameworks */,
				1CF6483126B1A28600299951 /* Resources */,
				F47D2F9D1A8AA0982019D0B6 /* [CP] Embed Pods Frameworks */,
			);
			buildRules = (
			);
			dependencies = (
			);
			name = UpHear;
			productName = UpHear;
			productReference = 1CF6483326B1A28600299951 /* UpHear.app */;
			productType = "com.apple.product-type.application";
		};
		1CF6484826B1A28700299951 /* UpHearTests */ = {
			isa = PBXNativeTarget;
			buildConfigurationList = 1CF6486026B1A28700299951 /* Build configuration list for PBXNativeTarget "UpHearTests" */;
			buildPhases = (
				A1279E11F7CA9FA0E7CCB467 /* [CP] Check Pods Manifest.lock */,
				1CF6484526B1A28700299951 /* Sources */,
				1CF6484626B1A28700299951 /* Frameworks */,
				1CF6484726B1A28700299951 /* Resources */,
			);
			buildRules = (
			);
			dependencies = (
				1CF6484B26B1A28700299951 /* PBXTargetDependency */,
			);
			name = UpHearTests;
			productName = UpHearTests;
			productReference = 1CF6484926B1A28700299951 /* UpHearTests.xctest */;
			productType = "com.apple.product-type.bundle.unit-test";
		};
		1CF6485326B1A28700299951 /* UpHearUITests */ = {
			isa = PBXNativeTarget;
			buildConfigurationList = 1CF6486326B1A28700299951 /* Build configuration list for PBXNativeTarget "UpHearUITests" */;
			buildPhases = (
				8659EDF945160A472EB5F356 /* [CP] Check Pods Manifest.lock */,
				1CF6485026B1A28700299951 /* Sources */,
				1CF6485126B1A28700299951 /* Frameworks */,
				1CF6485226B1A28700299951 /* Resources */,
				4601B21FEFEBD87AF8E4C259 /* [CP] Embed Pods Frameworks */,
			);
			buildRules = (
			);
			dependencies = (
				1CF6485626B1A28700299951 /* PBXTargetDependency */,
			);
			name = UpHearUITests;
			productName = UpHearUITests;
			productReference = 1CF6485426B1A28700299951 /* UpHearUITests.xctest */;
			productType = "com.apple.product-type.bundle.ui-testing";
		};
/* End PBXNativeTarget section */

/* Begin PBXProject section */
		1CF6482B26B1A28600299951 /* Project object */ = {
			isa = PBXProject;
			attributes = {
				LastSwiftUpdateCheck = 1250;
				LastUpgradeCheck = 1250;
				TargetAttributes = {
					1CF6483226B1A28600299951 = {
						CreatedOnToolsVersion = 12.5.1;
					};
					1CF6484826B1A28700299951 = {
						CreatedOnToolsVersion = 12.5.1;
						TestTargetID = 1CF6483226B1A28600299951;
					};
					1CF6485326B1A28700299951 = {
						CreatedOnToolsVersion = 12.5.1;
						TestTargetID = 1CF6483226B1A28600299951;
					};
				};
			};
			buildConfigurationList = 1CF6482E26B1A28600299951 /* Build configuration list for PBXProject "UpHear" */;
			compatibilityVersion = "Xcode 9.3";
			developmentRegion = en;
			hasScannedForEncodings = 0;
			knownRegions = (
				en,
				Base,
				id,
			);
			mainGroup = 1CF6482A26B1A28600299951;
			productRefGroup = 1CF6483426B1A28600299951 /* Products */;
			projectDirPath = "";
			projectRoot = "";
			targets = (
				1CF6483226B1A28600299951 /* UpHear */,
				1CF6484826B1A28700299951 /* UpHearTests */,
				1CF6485326B1A28700299951 /* UpHearUITests */,
			);
		};
/* End PBXProject section */

/* Begin PBXResourcesBuildPhase section */
		1CF6483126B1A28600299951 /* Resources */ = {
			isa = PBXResourcesBuildPhase;
			buildActionMask = 2147483647;
			files = (
				CDE59FAE26BD7EB5009B4D8D /* Localizable.strings in Resources */,
				1CF6483E26B1A28700299951 /* Preview Assets.xcassets in Resources */,
				1CF6483B26B1A28700299951 /* Assets.xcassets in Resources */,
				1C60D4AE26C02F600072C589 /* UpHearLaunchScreen.storyboard in Resources */,
				1C821C0826CA5B0300A14FEA /* GoogleService-Info.plist in Resources */,
			);
			runOnlyForDeploymentPostprocessing = 0;
		};
		1CF6484726B1A28700299951 /* Resources */ = {
			isa = PBXResourcesBuildPhase;
			buildActionMask = 2147483647;
			files = (
			);
			runOnlyForDeploymentPostprocessing = 0;
		};
		1CF6485226B1A28700299951 /* Resources */ = {
			isa = PBXResourcesBuildPhase;
			buildActionMask = 2147483647;
			files = (
			);
			runOnlyForDeploymentPostprocessing = 0;
		};
/* End PBXResourcesBuildPhase section */

/* Begin PBXShellScriptBuildPhase section */
		4601B21FEFEBD87AF8E4C259 /* [CP] Embed Pods Frameworks */ = {
			isa = PBXShellScriptBuildPhase;
			buildActionMask = 2147483647;
			files = (
			);
			inputFileListPaths = (
				"${PODS_ROOT}/Target Support Files/Pods-UpHear-UpHearUITests/Pods-UpHear-UpHearUITests-frameworks-${CONFIGURATION}-input-files.xcfilelist",
			);
			name = "[CP] Embed Pods Frameworks";
			outputFileListPaths = (
				"${PODS_ROOT}/Target Support Files/Pods-UpHear-UpHearUITests/Pods-UpHear-UpHearUITests-frameworks-${CONFIGURATION}-output-files.xcfilelist",
			);
			runOnlyForDeploymentPostprocessing = 0;
			shellPath = /bin/sh;
			shellScript = "\"${PODS_ROOT}/Target Support Files/Pods-UpHear-UpHearUITests/Pods-UpHear-UpHearUITests-frameworks.sh\"\n";
			showEnvVarsInLog = 0;
		};
		8659EDF945160A472EB5F356 /* [CP] Check Pods Manifest.lock */ = {
			isa = PBXShellScriptBuildPhase;
			buildActionMask = 2147483647;
			files = (
			);
			inputFileListPaths = (
			);
			inputPaths = (
				"${PODS_PODFILE_DIR_PATH}/Podfile.lock",
				"${PODS_ROOT}/Manifest.lock",
			);
			name = "[CP] Check Pods Manifest.lock";
			outputFileListPaths = (
			);
			outputPaths = (
				"$(DERIVED_FILE_DIR)/Pods-UpHear-UpHearUITests-checkManifestLockResult.txt",
			);
			runOnlyForDeploymentPostprocessing = 0;
			shellPath = /bin/sh;
			shellScript = "diff \"${PODS_PODFILE_DIR_PATH}/Podfile.lock\" \"${PODS_ROOT}/Manifest.lock\" > /dev/null\nif [ $? != 0 ] ; then\n    # print error to STDERR\n    echo \"error: The sandbox is not in sync with the Podfile.lock. Run 'pod install' or update your CocoaPods installation.\" >&2\n    exit 1\nfi\n# This output is used by Xcode 'outputs' to avoid re-running this script phase.\necho \"SUCCESS\" > \"${SCRIPT_OUTPUT_FILE_0}\"\n";
			showEnvVarsInLog = 0;
		};
		A1279E11F7CA9FA0E7CCB467 /* [CP] Check Pods Manifest.lock */ = {
			isa = PBXShellScriptBuildPhase;
			buildActionMask = 2147483647;
			files = (
			);
			inputFileListPaths = (
			);
			inputPaths = (
				"${PODS_PODFILE_DIR_PATH}/Podfile.lock",
				"${PODS_ROOT}/Manifest.lock",
			);
			name = "[CP] Check Pods Manifest.lock";
			outputFileListPaths = (
			);
			outputPaths = (
				"$(DERIVED_FILE_DIR)/Pods-UpHearTests-checkManifestLockResult.txt",
			);
			runOnlyForDeploymentPostprocessing = 0;
			shellPath = /bin/sh;
			shellScript = "diff \"${PODS_PODFILE_DIR_PATH}/Podfile.lock\" \"${PODS_ROOT}/Manifest.lock\" > /dev/null\nif [ $? != 0 ] ; then\n    # print error to STDERR\n    echo \"error: The sandbox is not in sync with the Podfile.lock. Run 'pod install' or update your CocoaPods installation.\" >&2\n    exit 1\nfi\n# This output is used by Xcode 'outputs' to avoid re-running this script phase.\necho \"SUCCESS\" > \"${SCRIPT_OUTPUT_FILE_0}\"\n";
			showEnvVarsInLog = 0;
		};
		A860666B89A472A97D2D837D /* [CP] Check Pods Manifest.lock */ = {
			isa = PBXShellScriptBuildPhase;
			buildActionMask = 2147483647;
			files = (
			);
			inputFileListPaths = (
			);
			inputPaths = (
				"${PODS_PODFILE_DIR_PATH}/Podfile.lock",
				"${PODS_ROOT}/Manifest.lock",
			);
			name = "[CP] Check Pods Manifest.lock";
			outputFileListPaths = (
			);
			outputPaths = (
				"$(DERIVED_FILE_DIR)/Pods-UpHear-checkManifestLockResult.txt",
			);
			runOnlyForDeploymentPostprocessing = 0;
			shellPath = /bin/sh;
			shellScript = "diff \"${PODS_PODFILE_DIR_PATH}/Podfile.lock\" \"${PODS_ROOT}/Manifest.lock\" > /dev/null\nif [ $? != 0 ] ; then\n    # print error to STDERR\n    echo \"error: The sandbox is not in sync with the Podfile.lock. Run 'pod install' or update your CocoaPods installation.\" >&2\n    exit 1\nfi\n# This output is used by Xcode 'outputs' to avoid re-running this script phase.\necho \"SUCCESS\" > \"${SCRIPT_OUTPUT_FILE_0}\"\n";
			showEnvVarsInLog = 0;
		};
		F47D2F9D1A8AA0982019D0B6 /* [CP] Embed Pods Frameworks */ = {
			isa = PBXShellScriptBuildPhase;
			buildActionMask = 2147483647;
			files = (
			);
			inputFileListPaths = (
				"${PODS_ROOT}/Target Support Files/Pods-UpHear/Pods-UpHear-frameworks-${CONFIGURATION}-input-files.xcfilelist",
			);
			name = "[CP] Embed Pods Frameworks";
			outputFileListPaths = (
				"${PODS_ROOT}/Target Support Files/Pods-UpHear/Pods-UpHear-frameworks-${CONFIGURATION}-output-files.xcfilelist",
			);
			runOnlyForDeploymentPostprocessing = 0;
			shellPath = /bin/sh;
			shellScript = "\"${PODS_ROOT}/Target Support Files/Pods-UpHear/Pods-UpHear-frameworks.sh\"\n";
			showEnvVarsInLog = 0;
		};
/* End PBXShellScriptBuildPhase section */

/* Begin PBXSourcesBuildPhase section */
		1CF6482F26B1A28600299951 /* Sources */ = {
			isa = PBXSourcesBuildPhase;
			buildActionMask = 2147483647;
			files = (
				CDE59F9B26BD05CF009B4D8D /* HRActionCard.swift in Sources */,
				1C60D48C26B7ECBA0072C589 /* RequiredActionsCard.swift in Sources */,
				B8DF988026CCCA4B00CE8CA1 /* OptionCard.swift in Sources */,
				1C60D48126B572780072C589 /* NetworkConstants.swift in Sources */,
				1C60D47326B3FBC40072C589 /* BaseRequest.swift in Sources */,
				1C60D48326B5888D0072C589 /* UserAction.swift in Sources */,
				1C95624126B2882500D3A18E /* HomeView.swift in Sources */,
				1C60D49C26BD128D0072C589 /* HomeViewModel.swift in Sources */,
				1C60D48F26B7F5B40072C589 /* AuthViewModel.swift in Sources */,
				1C60D48526B6A18E0072C589 /* APITestView.swift in Sources */,
				1C60D47926B4C52F0072C589 /* Case.swift in Sources */,
				B8A834F726C16F4F00D1C8B3 /* ImageLoader.swift in Sources */,
				1C60D49A26BA40890072C589 /* CaseRequest.swift in Sources */,
				1CF6484326B1A28700299951 /* UpHear.xcdatamodeld in Sources */,
				1C95624326B2888300D3A18E /* DraftsView.swift in Sources */,
				CDFEB2EC26B51B8600DED9C0 /* CaseCard.swift in Sources */,
				1CF6487126B1A3F600299951 /* APIService.swift in Sources */,
				1C95624726B289ED00D3A18E /* CreateReportView.swift in Sources */,
				1C60D48A26B7E91E0072C589 /* AuthView.swift in Sources */,
				CDE59F9726BC3D6B009B4D8D /* HRCaseCardView.swift in Sources */,
				1C60D47126B3E9370072C589 /* AuthRequest.swift in Sources */,
				B818805426B6FE63004F3D38 /* CaseDetailView.swift in Sources */,
				1C60D47526B43AF50072C589 /* User.swift in Sources */,
				1C60D49826B9A8900072C589 /* UserProfileViewModel.swift in Sources */,
				1CF6484026B1A28700299951 /* Persistence.swift in Sources */,
				B818805826B7B36B004F3D38 /* SubmitMoreEvidence.swift in Sources */,
				B818805226B6BC83004F3D38 /* TextStyle.swift in Sources */,
				CDE59F8C26B7E722009B4D8D /* UserProfileView.swift in Sources */,
				1C60D47E26B515330072C589 /* DataManager.swift in Sources */,
				1CF6483926B1A28600299951 /* ContentView.swift in Sources */,
				1C60D49326B92A710072C589 /* Extensions.swift in Sources */,
				1C95624526B2890D00D3A18E /* TermsConditionView.swift in Sources */,
				1C60D47726B4C1A10072C589 /* Company.swift in Sources */,
				CDDF246B26CFA259008DD267 /* HRReviewAction.swift in Sources */,
				CDE59F8A26B6B3B0009B4D8D /* LandingView.swift in Sources */,
				1C60D47B26B5145E0072C589 /* HRAction.swift in Sources */,
				1CF6483726B1A28600299951 /* UpHearApp.swift in Sources */,
				1C95624E26B29D3000D3A18E /* Colors.swift in Sources */,
				CDE59F9F26BD0E13009B4D8D /* HRAddActionView.swift in Sources */,
				1C60D48726B6AE480072C589 /* APITestViewModel.swift in Sources */,
				CDE59F9926BC459C009B4D8D /* HRCaseDetailView.swift in Sources */,
				B818805A26BA8412004F3D38 /* CustomPageControl.swift in Sources */,
				B852412626BE771C0005975B /* CreateReportPage.swift in Sources */,
				CDE59F9526BBCF29009B4D8D /* HRHomeView.swift in Sources */,
				1C95623F26B286B600D3A18E /* HomeListView.swift in Sources */,
				1C60D49126B82DE90072C589 /* CreateReportViewModel.swift in Sources */,
				1C95624926B28E1700D3A18E /* ReportSummaryView.swift in Sources */,
				B818805C26BC5763004F3D38 /* testPicker.swift in Sources */,
				1C60D49626B940D80072C589 /* UserDefaultsManager.swift in Sources */,
				1CF6486D26B1A39600299951 /* ContentViewModel.swift in Sources */,
				1CF6486F26B1A3C600299951 /* Constants.swift in Sources */,
				CDC9D03E26B2B0AB00215F5D /* CaseDraftRow.swift in Sources */,
				CDDF246926CF98F3008DD267 /* HRCloseCaseView.swift in Sources */,
			);
			runOnlyForDeploymentPostprocessing = 0;
		};
		1CF6484526B1A28700299951 /* Sources */ = {
			isa = PBXSourcesBuildPhase;
			buildActionMask = 2147483647;
			files = (
				1CF6484E26B1A28700299951 /* UpHearTests.swift in Sources */,
			);
			runOnlyForDeploymentPostprocessing = 0;
		};
		1CF6485026B1A28700299951 /* Sources */ = {
			isa = PBXSourcesBuildPhase;
			buildActionMask = 2147483647;
			files = (
				1CF6485926B1A28700299951 /* UpHearUITests.swift in Sources */,
			);
			runOnlyForDeploymentPostprocessing = 0;
		};
/* End PBXSourcesBuildPhase section */

/* Begin PBXTargetDependency section */
		1CF6484B26B1A28700299951 /* PBXTargetDependency */ = {
			isa = PBXTargetDependency;
			target = 1CF6483226B1A28600299951 /* UpHear */;
			targetProxy = 1CF6484A26B1A28700299951 /* PBXContainerItemProxy */;
		};
		1CF6485626B1A28700299951 /* PBXTargetDependency */ = {
			isa = PBXTargetDependency;
			target = 1CF6483226B1A28600299951 /* UpHear */;
			targetProxy = 1CF6485526B1A28700299951 /* PBXContainerItemProxy */;
		};
/* End PBXTargetDependency section */

/* Begin PBXVariantGroup section */
		CDE59FB026BD7EB5009B4D8D /* Localizable.strings */ = {
			isa = PBXVariantGroup;
			children = (
				CDE59FB126BD7ED3009B4D8D /* id */,
				CDE59FB226BE826E009B4D8D /* en */,
			);
			name = Localizable.strings;
			sourceTree = "<group>";
		};
/* End PBXVariantGroup section */

/* Begin XCBuildConfiguration section */
		1CF6485B26B1A28700299951 /* Debug */ = {
			isa = XCBuildConfiguration;
			buildSettings = {
				ALWAYS_SEARCH_USER_PATHS = NO;
				CLANG_ANALYZER_NONNULL = YES;
				CLANG_ANALYZER_NUMBER_OBJECT_CONVERSION = YES_AGGRESSIVE;
				CLANG_CXX_LANGUAGE_STANDARD = "gnu++14";
				CLANG_CXX_LIBRARY = "libc++";
				CLANG_ENABLE_MODULES = YES;
				CLANG_ENABLE_OBJC_ARC = YES;
				CLANG_ENABLE_OBJC_WEAK = YES;
				CLANG_WARN_BLOCK_CAPTURE_AUTORELEASING = YES;
				CLANG_WARN_BOOL_CONVERSION = YES;
				CLANG_WARN_COMMA = YES;
				CLANG_WARN_CONSTANT_CONVERSION = YES;
				CLANG_WARN_DEPRECATED_OBJC_IMPLEMENTATIONS = YES;
				CLANG_WARN_DIRECT_OBJC_ISA_USAGE = YES_ERROR;
				CLANG_WARN_DOCUMENTATION_COMMENTS = YES;
				CLANG_WARN_EMPTY_BODY = YES;
				CLANG_WARN_ENUM_CONVERSION = YES;
				CLANG_WARN_INFINITE_RECURSION = YES;
				CLANG_WARN_INT_CONVERSION = YES;
				CLANG_WARN_NON_LITERAL_NULL_CONVERSION = YES;
				CLANG_WARN_OBJC_IMPLICIT_RETAIN_SELF = YES;
				CLANG_WARN_OBJC_LITERAL_CONVERSION = YES;
				CLANG_WARN_OBJC_ROOT_CLASS = YES_ERROR;
				CLANG_WARN_QUOTED_INCLUDE_IN_FRAMEWORK_HEADER = YES;
				CLANG_WARN_RANGE_LOOP_ANALYSIS = YES;
				CLANG_WARN_STRICT_PROTOTYPES = YES;
				CLANG_WARN_SUSPICIOUS_MOVE = YES;
				CLANG_WARN_UNGUARDED_AVAILABILITY = YES_AGGRESSIVE;
				CLANG_WARN_UNREACHABLE_CODE = YES;
				CLANG_WARN__DUPLICATE_METHOD_MATCH = YES;
				COPY_PHASE_STRIP = NO;
				DEBUG_INFORMATION_FORMAT = dwarf;
				ENABLE_STRICT_OBJC_MSGSEND = YES;
				ENABLE_TESTABILITY = YES;
				GCC_C_LANGUAGE_STANDARD = gnu11;
				GCC_DYNAMIC_NO_PIC = NO;
				GCC_NO_COMMON_BLOCKS = YES;
				GCC_OPTIMIZATION_LEVEL = 0;
				GCC_PREPROCESSOR_DEFINITIONS = (
					"DEBUG=1",
					"$(inherited)",
				);
				GCC_WARN_64_TO_32_BIT_CONVERSION = YES;
				GCC_WARN_ABOUT_RETURN_TYPE = YES_ERROR;
				GCC_WARN_UNDECLARED_SELECTOR = YES;
				GCC_WARN_UNINITIALIZED_AUTOS = YES_AGGRESSIVE;
				GCC_WARN_UNUSED_FUNCTION = YES;
				GCC_WARN_UNUSED_VARIABLE = YES;
				IPHONEOS_DEPLOYMENT_TARGET = 14.5;
				MTL_ENABLE_DEBUG_INFO = INCLUDE_SOURCE;
				MTL_FAST_MATH = YES;
				ONLY_ACTIVE_ARCH = YES;
				SDKROOT = iphoneos;
				SWIFT_ACTIVE_COMPILATION_CONDITIONS = DEBUG;
				SWIFT_OPTIMIZATION_LEVEL = "-Onone";
			};
			name = Debug;
		};
		1CF6485C26B1A28700299951 /* Release */ = {
			isa = XCBuildConfiguration;
			buildSettings = {
				ALWAYS_SEARCH_USER_PATHS = NO;
				CLANG_ANALYZER_NONNULL = YES;
				CLANG_ANALYZER_NUMBER_OBJECT_CONVERSION = YES_AGGRESSIVE;
				CLANG_CXX_LANGUAGE_STANDARD = "gnu++14";
				CLANG_CXX_LIBRARY = "libc++";
				CLANG_ENABLE_MODULES = YES;
				CLANG_ENABLE_OBJC_ARC = YES;
				CLANG_ENABLE_OBJC_WEAK = YES;
				CLANG_WARN_BLOCK_CAPTURE_AUTORELEASING = YES;
				CLANG_WARN_BOOL_CONVERSION = YES;
				CLANG_WARN_COMMA = YES;
				CLANG_WARN_CONSTANT_CONVERSION = YES;
				CLANG_WARN_DEPRECATED_OBJC_IMPLEMENTATIONS = YES;
				CLANG_WARN_DIRECT_OBJC_ISA_USAGE = YES_ERROR;
				CLANG_WARN_DOCUMENTATION_COMMENTS = YES;
				CLANG_WARN_EMPTY_BODY = YES;
				CLANG_WARN_ENUM_CONVERSION = YES;
				CLANG_WARN_INFINITE_RECURSION = YES;
				CLANG_WARN_INT_CONVERSION = YES;
				CLANG_WARN_NON_LITERAL_NULL_CONVERSION = YES;
				CLANG_WARN_OBJC_IMPLICIT_RETAIN_SELF = YES;
				CLANG_WARN_OBJC_LITERAL_CONVERSION = YES;
				CLANG_WARN_OBJC_ROOT_CLASS = YES_ERROR;
				CLANG_WARN_QUOTED_INCLUDE_IN_FRAMEWORK_HEADER = YES;
				CLANG_WARN_RANGE_LOOP_ANALYSIS = YES;
				CLANG_WARN_STRICT_PROTOTYPES = YES;
				CLANG_WARN_SUSPICIOUS_MOVE = YES;
				CLANG_WARN_UNGUARDED_AVAILABILITY = YES_AGGRESSIVE;
				CLANG_WARN_UNREACHABLE_CODE = YES;
				CLANG_WARN__DUPLICATE_METHOD_MATCH = YES;
				COPY_PHASE_STRIP = NO;
				DEBUG_INFORMATION_FORMAT = "dwarf-with-dsym";
				ENABLE_NS_ASSERTIONS = NO;
				ENABLE_STRICT_OBJC_MSGSEND = YES;
				GCC_C_LANGUAGE_STANDARD = gnu11;
				GCC_NO_COMMON_BLOCKS = YES;
				GCC_WARN_64_TO_32_BIT_CONVERSION = YES;
				GCC_WARN_ABOUT_RETURN_TYPE = YES_ERROR;
				GCC_WARN_UNDECLARED_SELECTOR = YES;
				GCC_WARN_UNINITIALIZED_AUTOS = YES_AGGRESSIVE;
				GCC_WARN_UNUSED_FUNCTION = YES;
				GCC_WARN_UNUSED_VARIABLE = YES;
				IPHONEOS_DEPLOYMENT_TARGET = 14.5;
				MTL_ENABLE_DEBUG_INFO = NO;
				MTL_FAST_MATH = YES;
				SDKROOT = iphoneos;
				SWIFT_COMPILATION_MODE = wholemodule;
				SWIFT_OPTIMIZATION_LEVEL = "-O";
				VALIDATE_PRODUCT = YES;
			};
			name = Release;
		};
		1CF6485E26B1A28700299951 /* Debug */ = {
			isa = XCBuildConfiguration;
			baseConfigurationReference = A3DFE2D7E9D2481BF6AAD672 /* Pods-UpHear.debug.xcconfig */;
			buildSettings = {
				ASSETCATALOG_COMPILER_APPICON_NAME = AppIcon;
				ASSETCATALOG_COMPILER_GLOBAL_ACCENT_COLOR_NAME = AccentColor;
				CODE_SIGN_STYLE = Automatic;
				CURRENT_PROJECT_VERSION = 2;
				DEVELOPMENT_ASSET_PATHS = "\"UpHear/Preview Content\"";
				DEVELOPMENT_TEAM = V8U6HJ6HPQ;
				ENABLE_PREVIEWS = YES;
				INFOPLIST_FILE = UpHear/Application/Info.plist;
				IPHONEOS_DEPLOYMENT_TARGET = 14.0;
				LD_RUNPATH_SEARCH_PATHS = (
					"$(inherited)",
					"@executable_path/Frameworks",
				);
				MARKETING_VERSION = 0.1.1;
				PRODUCT_BUNDLE_IDENTIFIER = com.blimpi.uphear;
				PRODUCT_NAME = "$(TARGET_NAME)";
				SWIFT_VERSION = 5.0;
				TARGETED_DEVICE_FAMILY = 1;
			};
			name = Debug;
		};
		1CF6485F26B1A28700299951 /* Release */ = {
			isa = XCBuildConfiguration;
			baseConfigurationReference = 6DDB3AFCF9B0CB1750BFD6B5 /* Pods-UpHear.release.xcconfig */;
			buildSettings = {
				ASSETCATALOG_COMPILER_APPICON_NAME = AppIcon;
				ASSETCATALOG_COMPILER_GLOBAL_ACCENT_COLOR_NAME = AccentColor;
				CODE_SIGN_STYLE = Automatic;
				CURRENT_PROJECT_VERSION = 2;
				DEVELOPMENT_ASSET_PATHS = "\"UpHear/Preview Content\"";
				DEVELOPMENT_TEAM = V8U6HJ6HPQ;
				ENABLE_PREVIEWS = YES;
				INFOPLIST_FILE = UpHear/Application/Info.plist;
				IPHONEOS_DEPLOYMENT_TARGET = 14.0;
				LD_RUNPATH_SEARCH_PATHS = (
					"$(inherited)",
					"@executable_path/Frameworks",
				);
				MARKETING_VERSION = 0.1.1;
				PRODUCT_BUNDLE_IDENTIFIER = com.blimpi.uphear;
				PRODUCT_NAME = "$(TARGET_NAME)";
				SWIFT_VERSION = 5.0;
				TARGETED_DEVICE_FAMILY = 1;
			};
			name = Release;
		};
		1CF6486126B1A28700299951 /* Debug */ = {
			isa = XCBuildConfiguration;
			baseConfigurationReference = B66766BAB404B529A46461D7 /* Pods-UpHearTests.debug.xcconfig */;
			buildSettings = {
				ALWAYS_EMBED_SWIFT_STANDARD_LIBRARIES = YES;
				BUNDLE_LOADER = "$(TEST_HOST)";
				CODE_SIGN_STYLE = Automatic;
				DEVELOPMENT_TEAM = V8U6HJ6HPQ;
				INFOPLIST_FILE = UpHearTests/Info.plist;
				IPHONEOS_DEPLOYMENT_TARGET = 14.0;
				LD_RUNPATH_SEARCH_PATHS = (
					"$(inherited)",
					"@executable_path/Frameworks",
					"@loader_path/Frameworks",
				);
				PRODUCT_BUNDLE_IDENTIFIER = com.Blimpi.UpHearTests;
				PRODUCT_NAME = "$(TARGET_NAME)";
				SWIFT_VERSION = 5.0;
				TARGETED_DEVICE_FAMILY = "1,2";
				TEST_HOST = "$(BUILT_PRODUCTS_DIR)/UpHear.app/UpHear";
			};
			name = Debug;
		};
		1CF6486226B1A28700299951 /* Release */ = {
			isa = XCBuildConfiguration;
			baseConfigurationReference = A2DE693CD0D5FBC67200604F /* Pods-UpHearTests.release.xcconfig */;
			buildSettings = {
				ALWAYS_EMBED_SWIFT_STANDARD_LIBRARIES = YES;
				BUNDLE_LOADER = "$(TEST_HOST)";
				CODE_SIGN_STYLE = Automatic;
				DEVELOPMENT_TEAM = V8U6HJ6HPQ;
				INFOPLIST_FILE = UpHearTests/Info.plist;
				IPHONEOS_DEPLOYMENT_TARGET = 14.0;
				LD_RUNPATH_SEARCH_PATHS = (
					"$(inherited)",
					"@executable_path/Frameworks",
					"@loader_path/Frameworks",
				);
				PRODUCT_BUNDLE_IDENTIFIER = com.Blimpi.UpHearTests;
				PRODUCT_NAME = "$(TARGET_NAME)";
				SWIFT_VERSION = 5.0;
				TARGETED_DEVICE_FAMILY = "1,2";
				TEST_HOST = "$(BUILT_PRODUCTS_DIR)/UpHear.app/UpHear";
			};
			name = Release;
		};
		1CF6486426B1A28700299951 /* Debug */ = {
			isa = XCBuildConfiguration;
			baseConfigurationReference = CA1501CE8251F7B78A243E40 /* Pods-UpHear-UpHearUITests.debug.xcconfig */;
			buildSettings = {
				ALWAYS_EMBED_SWIFT_STANDARD_LIBRARIES = YES;
				CODE_SIGN_STYLE = Automatic;
				DEVELOPMENT_TEAM = V8U6HJ6HPQ;
				INFOPLIST_FILE = UpHearUITests/Info.plist;
				LD_RUNPATH_SEARCH_PATHS = (
					"$(inherited)",
					"@executable_path/Frameworks",
					"@loader_path/Frameworks",
				);
				PRODUCT_BUNDLE_IDENTIFIER = com.Blimpi.UpHearUITests;
				PRODUCT_NAME = "$(TARGET_NAME)";
				SWIFT_VERSION = 5.0;
				TARGETED_DEVICE_FAMILY = "1,2";
				TEST_TARGET_NAME = UpHear;
			};
			name = Debug;
		};
		1CF6486526B1A28700299951 /* Release */ = {
			isa = XCBuildConfiguration;
			baseConfigurationReference = 26E62587667E5D285ED8EB7C /* Pods-UpHear-UpHearUITests.release.xcconfig */;
			buildSettings = {
				ALWAYS_EMBED_SWIFT_STANDARD_LIBRARIES = YES;
				CODE_SIGN_STYLE = Automatic;
				DEVELOPMENT_TEAM = V8U6HJ6HPQ;
				INFOPLIST_FILE = UpHearUITests/Info.plist;
				LD_RUNPATH_SEARCH_PATHS = (
					"$(inherited)",
					"@executable_path/Frameworks",
					"@loader_path/Frameworks",
				);
				PRODUCT_BUNDLE_IDENTIFIER = com.Blimpi.UpHearUITests;
				PRODUCT_NAME = "$(TARGET_NAME)";
				SWIFT_VERSION = 5.0;
				TARGETED_DEVICE_FAMILY = "1,2";
				TEST_TARGET_NAME = UpHear;
			};
			name = Release;
		};
/* End XCBuildConfiguration section */

/* Begin XCConfigurationList section */
		1CF6482E26B1A28600299951 /* Build configuration list for PBXProject "UpHear" */ = {
			isa = XCConfigurationList;
			buildConfigurations = (
				1CF6485B26B1A28700299951 /* Debug */,
				1CF6485C26B1A28700299951 /* Release */,
			);
			defaultConfigurationIsVisible = 0;
			defaultConfigurationName = Release;
		};
		1CF6485D26B1A28700299951 /* Build configuration list for PBXNativeTarget "UpHear" */ = {
			isa = XCConfigurationList;
			buildConfigurations = (
				1CF6485E26B1A28700299951 /* Debug */,
				1CF6485F26B1A28700299951 /* Release */,
			);
			defaultConfigurationIsVisible = 0;
			defaultConfigurationName = Release;
		};
		1CF6486026B1A28700299951 /* Build configuration list for PBXNativeTarget "UpHearTests" */ = {
			isa = XCConfigurationList;
			buildConfigurations = (
				1CF6486126B1A28700299951 /* Debug */,
				1CF6486226B1A28700299951 /* Release */,
			);
			defaultConfigurationIsVisible = 0;
			defaultConfigurationName = Release;
		};
		1CF6486326B1A28700299951 /* Build configuration list for PBXNativeTarget "UpHearUITests" */ = {
			isa = XCConfigurationList;
			buildConfigurations = (
				1CF6486426B1A28700299951 /* Debug */,
				1CF6486526B1A28700299951 /* Release */,
			);
			defaultConfigurationIsVisible = 0;
			defaultConfigurationName = Release;
		};
/* End XCConfigurationList section */

/* Begin XCVersionGroup section */
		1CF6484126B1A28700299951 /* UpHear.xcdatamodeld */ = {
			isa = XCVersionGroup;
			children = (
				1CF6484226B1A28700299951 /* UpHear.xcdatamodel */,
			);
			currentVersion = 1CF6484226B1A28700299951 /* UpHear.xcdatamodel */;
			path = UpHear.xcdatamodeld;
			sourceTree = "<group>";
			versionGroupType = wrapper.xcdatamodel;
		};
/* End XCVersionGroup section */
	};
	rootObject = 1CF6482B26B1A28600299951 /* Project object */;
}
